// !$*UTF8*$!
{
	archiveVersion = 1;
	classes = {
	};
	objectVersion = 46;
	objects = {

/* Begin PBXBuildFile section */
		F52C27801D18E42C00344B1A /* AppDelegate.swift in Sources */ = {isa = PBXBuildFile; fileRef = F52C277F1D18E42C00344B1A /* AppDelegate.swift */; };
		F52C27821D18E42C00344B1A /* ViewController.swift in Sources */ = {isa = PBXBuildFile; fileRef = F52C27811D18E42C00344B1A /* ViewController.swift */; };
		F52C27851D18E42C00344B1A /* Main.storyboard in Resources */ = {isa = PBXBuildFile; fileRef = F52C27831D18E42C00344B1A /* Main.storyboard */; };
		F52C27871D18E42C00344B1A /* Assets.xcassets in Resources */ = {isa = PBXBuildFile; fileRef = F52C27861D18E42C00344B1A /* Assets.xcassets */; };
		F52C278A1D18E42C00344B1A /* LaunchScreen.storyboard in Resources */ = {isa = PBXBuildFile; fileRef = F52C27881D18E42C00344B1A /* LaunchScreen.storyboard */; };
/* End PBXBuildFile section */

/* Begin PBXFileReference section */
		F52C277C1D18E42C00344B1A /* app1.app */ = {isa = PBXFileReference; explicitFileType = wrapper.application; includeInIndex = 0; path = app1.app; sourceTree = BUILT_PRODUCTS_DIR; };
		F52C277F1D18E42C00344B1A /* AppDelegate.swift */ = {isa = PBXFileReference; lastKnownFileType = sourcecode.swift; path = AppDelegate.swift; sourceTree = "<group>"; };
		F52C27811D18E42C00344B1A /* ViewController.swift */ = {isa = PBXFileReference; lastKnownFileType = sourcecode.swift; path = ViewController.swift; sourceTree = "<group>"; };
		F52C27841D18E42C00344B1A /* Base */ = {isa = PBXFileReference; lastKnownFileType = file.storyboard; name = Base; path = Base.lproj/Main.storyboard; sourceTree = "<group>"; };
		F52C27861D18E42C00344B1A /* Assets.xcassets */ = {isa = PBXFileReference; lastKnownFileType = folder.assetcatalog; path = Assets.xcassets; sourceTree = "<group>"; };
		F52C27891D18E42C00344B1A /* Base */ = {isa = PBXFileReference; lastKnownFileType = file.storyboard; name = Base; path = Base.lproj/LaunchScreen.storyboard; sourceTree = "<group>"; };
		F52C278B1D18E42C00344B1A /* Info.plist */ = {isa = PBXFileReference; lastKnownFileType = text.plist.xml; path = Info.plist; sourceTree = "<group>"; };
/* End PBXFileReference section */

/* Begin PBXFrameworksBuildPhase section */
		F52C27791D18E42C00344B1A /* Frameworks */ = {
			isa = PBXFrameworksBuildPhase;
			buildActionMask = 2147483647;
			files = (
			);
			runOnlyForDeploymentPostprocessing = 0;
		};
/* End PBXFrameworksBuildPhase section */

/* Begin PBXGroup section */
		F52C27731D18E42C00344B1A = {
			isa = PBXGroup;
			children = (
				F52C277E1D18E42C00344B1A /* app1 */,
				F52C277D1D18E42C00344B1A /* Products */,
			);
			sourceTree = "<group>";
		};
		F52C277D1D18E42C00344B1A /* Products */ = {
			isa = PBXGroup;
			children = (
				F52C277C1D18E42C00344B1A /* app1.app */,
			);
			name = Products;
			sourceTree = "<group>";
		};
		F52C277E1D18E42C00344B1A /* app1 */ = {
			isa = PBXGroup;
			children = (
				F52C277F1D18E42C00344B1A /* AppDelegate.swift */,
				F52C27811D18E42C00344B1A /* ViewController.swift */,
				F52C27831D18E42C00344B1A /* Main.storyboard */,
				F52C27861D18E42C00344B1A /* Assets.xcassets */,
				F52C27881D18E42C00344B1A /* LaunchScreen.storyboard */,
				F52C278B1D18E42C00344B1A /* Info.plist */,
			);
			path = app1;
			sourceTree = "<group>";
		};
/* End PBXGroup section */

/* Begin PBXNativeTarget section */
		F52C277B1D18E42C00344B1A /* app1 */ = {
			isa = PBXNativeTarget;
			buildConfigurationList = F52C278E1D18E42C00344B1A /* Build configuration list for PBXNativeTarget "app1" */;
			buildPhases = (
				F52C27781D18E42C00344B1A /* Sources */,
				F52C27791D18E42C00344B1A /* Frameworks */,
				F52C277A1D18E42C00344B1A /* Resources */,
			);
			buildRules = (
			);
			dependencies = (
			);
			name = app1;
			productName = app1;
			productReference = F52C277C1D18E42C00344B1A /* app1.app */;
			productType = "com.apple.product-type.application";
		};
/* End PBXNativeTarget section */

/* Begin PBXProject section */
		F52C27741D18E42C00344B1A /* Project object */ = {
			isa = PBXProject;
			attributes = {
				LastSwiftUpdateCheck = 0800;
				LastUpgradeCheck = 0800;
				ORGANIZATIONNAME = EricYang;
				TargetAttributes = {
					F52C277B1D18E42C00344B1A = {
						CreatedOnToolsVersion = 8.0;
						ProvisioningStyle = Automatic;
					};
				};
			};
			buildConfigurationList = F52C27771D18E42C00344B1A /* Build configuration list for PBXProject "app1" */;
			compatibilityVersion = "Xcode 3.2";
			developmentRegion = English;
			hasScannedForEncodings = 0;
			knownRegions = (
				en,
				Base,
			);
			mainGroup = F52C27731D18E42C00344B1A;
			productRefGroup = F52C277D1D18E42C00344B1A /* Products */;
			projectDirPath = "";
			projectRoot = "";
			targets = (
				F52C277B1D18E42C00344B1A /* app1 */,
			);
		};
/* End PBXProject section */

/* Begin PBXResourcesBuildPhase section */
		F52C277A1D18E42C00344B1A /* Resources */ = {
			isa = PBXResourcesBuildPhase;
			buildActionMask = 2147483647;
			files = (
				F52C278A1D18E42C00344B1A /* LaunchScreen.storyboard in Resources */,
				F52C27871D18E42C00344B1A /* Assets.xcassets in Resources */,
				F52C27851D18E42C00344B1A /* Main.storyboard in Resources */,
			);
			runOnlyForDeploymentPostprocessing = 0;
		};
/* End PBXResourcesBuildPhase section */

/* Begin PBXSourcesBuildPhase section */
		F52C27781D18E42C00344B1A /* Sources */ = {
			isa = PBXSourcesBuildPhase;
			buildActionMask = 2147483647;
			files = (
				F52C27821D18E42C00344B1A /* ViewController.swift in Sources */,
				F52C27801D18E42C00344B1A /* AppDelegate.swift in Sources */,
			);
			runOnlyForDeploymentPostprocessing = 0;
		};
/* End PBXSourcesBuildPhase section */

/* Begin PBXVariantGroup section */
		F52C27831D18E42C00344B1A /* Main.storyboard */ = {
			isa = PBXVariantGroup;
			children = (
				F52C27841D18E42C00344B1A /* Base */,
			);
			name = Main.storyboard;
			sourceTree = "<group>";
		};
		F52C27881D18E42C00344B1A /* LaunchScreen.storyboard */ = {
			isa = PBXVariantGroup;
			children = (
				F52C27891D18E42C00344B1A /* Base */,
			);
			name = LaunchScreen.storyboard;
			sourceTree = "<group>";
		};
/* End PBXVariantGroup section */

/* Begin XCBuildConfiguration section */
		F52C278C1D18E42C00344B1A /* Debug */ = {
			isa = XCBuildConfiguration;
			buildSettings = {
				ALWAYS_SEARCH_USER_PATHS = NO;
				CLANG_ANALYZER_NONNULL = YES;
				CLANG_CXX_LANGUAGE_STANDARD = "gnu++0x";
				CLANG_CXX_LIBRARY = "libc++";
				CLANG_ENABLE_MODULES = YES;
				CLANG_ENABLE_OBJC_ARC = YES;
				CLANG_WARN_BOOL_CONVERSION = YES;
				CLANG_WARN_CONSTANT_CONVERSION = YES;
				CLANG_WARN_DIRECT_OBJC_ISA_USAGE = YES_ERROR;
				CLANG_WARN_DOCUMENTATION_COMMENTS = YES;
				CLANG_WARN_EMPTY_BODY = YES;
				CLANG_WARN_ENUM_CONVERSION = YES;
				CLANG_WARN_INT_CONVERSION = YES;
				CLANG_WARN_OBJC_ROOT_CLASS = YES_ERROR;
				CLANG_WARN_UNREACHABLE_CODE = YES;
				CLANG_WARN__DUPLICATE_METHOD_MATCH = YES;
				"CODE_SIGN_IDENTITY[sdk=iphoneos*]" = "iPhone Developer";
				COPY_PHASE_STRIP = NO;
				DEBUG_INFORMATION_FORMAT = dwarf;
				ENABLE_STRICT_OBJC_MSGSEND = YES;
				ENABLE_TESTABILITY = YES;
				GCC_C_LANGUAGE_STANDARD = gnu99;
				GCC_DYNAMIC_NO_PIC = NO;
				GCC_NO_COMMON_BLOCKS = YES;
				GCC_OPTIMIZATION_LEVEL = 0;
				GCC_PREPROCESSOR_DEFINITIONS = (
					"DEBUG=1",
					"$(inherited)",
				);
				GCC_WARN_64_TO_32_BIT_CONVERSION = YES;
				GCC_WARN_ABOUT_RETURN_TYPE = YES_ERROR;
				GCC_WARN_UNDECLARED_SELECTOR = YES;
				GCC_WARN_UNINITIALIZED_AUTOS = YES_AGGRESSIVE;
				GCC_WARN_UNUSED_FUNCTION = YES;
				GCC_WARN_UNUSED_VARIABLE = YES;
				IPHONEOS_DEPLOYMENT_TARGET = 10.0;
				MTL_ENABLE_DEBUG_INFO = YES;
				ONLY_ACTIVE_ARCH = YES;
				SDKROOT = iphoneos;
				SWIFT_ACTIVE_COMPILATION_CONDITIONS = DEBUG;
				SWIFT_OPTIMIZATION_LEVEL = "-Onone";
			};
			name = Debug;
		};
		F52C278D1D18E42C00344B1A /* Release */ = {
			isa = XCBuildConfiguration;
			buildSettings = {
				ALWAYS_SEARCH_USER_PATHS = NO;
				CLANG_ANALYZER_NONNULL = YES;
				CLANG_CXX_LANGUAGE_STANDARD = "gnu++0x";
				CLANG_CXX_LIBRARY = "libc++";
				CLANG_ENABLE_MODULES = YES;
				CLANG_ENABLE_OBJC_ARC = YES;
				CLANG_WARN_BOOL_CONVERSION = YES;
				CLANG_WARN_CONSTANT_CONVERSION = YES;
				CLANG_WARN_DIRECT_OBJC_ISA_USAGE = YES_ERROR;
				CLANG_WARN_DOCUMENTATION_COMMENTS = YES;
				CLANG_WARN_EMPTY_BODY = YES;
				CLANG_WARN_ENUM_CONVERSION = YES;
				CLANG_WARN_INT_CONVERSION = YES;
				CLANG_WARN_OBJC_ROOT_CLASS = YES_ERROR;
				CLANG_WARN_UNREACHABLE_CODE = YES;
				CLANG_WARN__DUPLICATE_METHOD_MATCH = YES;
				"CODE_SIGN_IDENTITY[sdk=iphoneos*]" = "iPhone Developer";
				COPY_PHASE_STRIP = NO;
				DEBUG_INFORMATION_FORMAT = "dwarf-with-dsym";
				ENABLE_NS_ASSERTIONS = NO;
				ENABLE_STRICT_OBJC_MSGSEND = YES;
				GCC_C_LANGUAGE_STANDARD = gnu99;
				GCC_NO_COMMON_BLOCKS = YES;
				GCC_WARN_64_TO_32_BIT_CONVERSION = YES;
				GCC_WARN_ABOUT_RETURN_TYPE = YES_ERROR;
				GCC_WARN_UNDECLARED_SELECTOR = YES;
				GCC_WARN_UNINITIALIZED_AUTOS = YES_AGGRESSIVE;
				GCC_WARN_UNUSED_FUNCTION = YES;
				GCC_WARN_UNUSED_VARIABLE = YES;
				IPHONEOS_DEPLOYMENT_TARGET = 10.0;
				MTL_ENABLE_DEBUG_INFO = NO;
				SDKROOT = iphoneos;
				SWIFT_OPTIMIZATION_LEVEL = "-Owholemodule";
				VALIDATE_PRODUCT = YES;
			};
			name = Release;
		};
		F52C278F1D18E42C00344B1A /* Debug */ = {
			isa = XCBuildConfiguration;
			buildSettings = {
				ASSETCATALOG_COMPILER_APPICON_NAME = AppIcon;
				INFOPLIST_FILE = app1/Info.plist;
				LD_RUNPATH_SEARCH_PATHS = "$(inherited) @executable_path/Frameworks";
				PRODUCT_BUNDLE_IDENTIFIER = bwya.app1;
				PRODUCT_NAME = "$(TARGET_NAME)";
				SWIFT_VERSION = 3.0;
			};
			name = Debug;
		};
		F52C27901D18E42C00344B1A /* Release */ = {
			isa = XCBuildConfiguration;
			buildSettings = {
				ASSETCATALOG_COMPILER_APPICON_NAME = AppIcon;
				INFOPLIST_FILE = app1/Info.plist;
				LD_RUNPATH_SEARCH_PATHS = "$(inherited) @executable_path/Frameworks";
				PRODUCT_BUNDLE_IDENTIFIER = bwya.app1;
				PRODUCT_NAME = "$(TARGET_NAME)";
				SWIFT_VERSION = 3.0;
			};
			name = Release;
		};
/* End XCBuildConfiguration section */

/* Begin XCConfigurationList section */
		F52C27771D18E42C00344B1A /* Build configuration list for PBXProject "app1" */ = {
			isa = XCConfigurationList;
			buildConfigurations = (
				F52C278C1D18E42C00344B1A /* Debug */,
				F52C278D1D18E42C00344B1A /* Release */,
			);
			defaultConfigurationIsVisible = 0;
			defaultConfigurationName = Release;
		};
		F52C278E1D18E42C00344B1A /* Build configuration list for PBXNativeTarget "app1" */ = {
			isa = XCConfigurationList;
			buildConfigurations = (
				F52C278F1D18E42C00344B1A /* Debug */,
				F52C27901D18E42C00344B1A /* Release */,
			);
			defaultConfigurationIsVisible = 0;
		};
/* End XCConfigurationList section */
	};
	rootObject = F52C27741D18E42C00344B1A /* Project object */;
}
